// !$*UTF8*$!
{
	archiveVersion = 1;
	classes = {
	};
	objectVersion = 50;
	objects = {

/* Begin PBXBuildFile section */
		214A2AAEC838EC1ED7FA0C9A /* Pods_LodjinhaSZTests.framework in Frameworks */ = {isa = PBXBuildFile; fileRef = 2205809C098750506B9DFDF1 /* Pods_LodjinhaSZTests.framework */; };
		344FCF05609D7D871471644E /* Pods_LodjinhaSZUITests.framework in Frameworks */ = {isa = PBXBuildFile; fileRef = 5A2FD7E80442E36CA83A9692 /* Pods_LodjinhaSZUITests.framework */; };
		459CBEB8CC49FF7324FF1CEB /* Pods_LodjinhaSZ.framework in Frameworks */ = {isa = PBXBuildFile; fileRef = 4C2BC8B5FDF23D9CDE7881D2 /* Pods_LodjinhaSZ.framework */; };
		9221D8AB22A4369800E7133A /* ProductReserve.swift in Sources */ = {isa = PBXBuildFile; fileRef = 9221D8AA22A4369800E7133A /* ProductReserve.swift */; };
		9222035422A30A63003614DC /* Banner.swift in Sources */ = {isa = PBXBuildFile; fileRef = 9222035322A30A63003614DC /* Banner.swift */; };
		9222035622A30AC7003614DC /* Category.swift in Sources */ = {isa = PBXBuildFile; fileRef = 9222035522A30AC7003614DC /* Category.swift */; };
		9222035822A30BA4003614DC /* Product.swift in Sources */ = {isa = PBXBuildFile; fileRef = 9222035722A30BA4003614DC /* Product.swift */; };
		9222035A22A30D23003614DC /* DataList.swift in Sources */ = {isa = PBXBuildFile; fileRef = 9222035922A30D23003614DC /* DataList.swift */; };
		9226BEFE22A5FCF50054FCD2 /* PopProductListNetworkWorker.swift in Sources */ = {isa = PBXBuildFile; fileRef = 9226BEFD22A5FCF50054FCD2 /* PopProductListNetworkWorker.swift */; };
		9226BF0022A604FF0054FCD2 /* NumberFormatter+Currency.swift in Sources */ = {isa = PBXBuildFile; fileRef = 9226BEFF22A604FF0054FCD2 /* NumberFormatter+Currency.swift */; };
		9226BF0522A625790054FCD2 /* BannerView.swift in Sources */ = {isa = PBXBuildFile; fileRef = 9226BF0422A625790054FCD2 /* BannerView.swift */; };
		9226BF0722A6258F0054FCD2 /* CategoryCollectionViewCell.swift in Sources */ = {isa = PBXBuildFile; fileRef = 9226BF0622A6258F0054FCD2 /* CategoryCollectionViewCell.swift */; };
		9226BF0922A6259D0054FCD2 /* ProductTableViewCell.swift in Sources */ = {isa = PBXBuildFile; fileRef = 9226BF0822A6259D0054FCD2 /* ProductTableViewCell.swift */; };
		9226BF0B22A62AE00054FCD2 /* BannerScrollView.swift in Sources */ = {isa = PBXBuildFile; fileRef = 9226BF0A22A62AE00054FCD2 /* BannerScrollView.swift */; };
		9253C19A22A34214005F6580 /* NetworkManager.swift in Sources */ = {isa = PBXBuildFile; fileRef = 9253C19922A34214005F6580 /* NetworkManager.swift */; };
		92B127CF22A650E100099989 /* String+HTML.swift in Sources */ = {isa = PBXBuildFile; fileRef = 92B127CE22A650E100099989 /* String+HTML.swift */; };
		92B2FCD522A485E700653163 /* UIImageView+Network.swift in Sources */ = {isa = PBXBuildFile; fileRef = 92B2FCD422A485E700653163 /* UIImageView+Network.swift */; };
		92B2FCDC22A4868E00653163 /* HomePresenter.swift in Sources */ = {isa = PBXBuildFile; fileRef = 92B2FCD622A4868E00653163 /* HomePresenter.swift */; };
		92B2FCDD22A4868E00653163 /* HomeWorker.swift in Sources */ = {isa = PBXBuildFile; fileRef = 92B2FCD722A4868E00653163 /* HomeWorker.swift */; };
		92B2FCDE22A4868E00653163 /* HomeRouter.swift in Sources */ = {isa = PBXBuildFile; fileRef = 92B2FCD822A4868E00653163 /* HomeRouter.swift */; };
		92B2FCDF22A4868E00653163 /* HomeModels.swift in Sources */ = {isa = PBXBuildFile; fileRef = 92B2FCD922A4868E00653163 /* HomeModels.swift */; };
		92B2FCE022A4868E00653163 /* HomeViewController.swift in Sources */ = {isa = PBXBuildFile; fileRef = 92B2FCDA22A4868E00653163 /* HomeViewController.swift */; };
		92B2FCE122A4868E00653163 /* HomeInteractor.swift in Sources */ = {isa = PBXBuildFile; fileRef = 92B2FCDB22A4868E00653163 /* HomeInteractor.swift */; };
		92B2FCE622A4949600653163 /* BannerListNetworkWorker.swift in Sources */ = {isa = PBXBuildFile; fileRef = 92B2FCE522A4949600653163 /* BannerListNetworkWorker.swift */; };
		92B2FCE822A4C99900653163 /* CustomTabBar.swift in Sources */ = {isa = PBXBuildFile; fileRef = 92B2FCE722A4C99900653163 /* CustomTabBar.swift */; };
		92B2FCEB22A4D3BA00653163 /* CategoryListNetworkWorker.swift in Sources */ = {isa = PBXBuildFile; fileRef = 92B2FCEA22A4D3B900653163 /* CategoryListNetworkWorker.swift */; };
		92BCC8FC22A1F59D009FFDDF /* AppDelegate.swift in Sources */ = {isa = PBXBuildFile; fileRef = 92BCC8FB22A1F59D009FFDDF /* AppDelegate.swift */; };
		92BCC90122A1F59D009FFDDF /* Main.storyboard in Resources */ = {isa = PBXBuildFile; fileRef = 92BCC8FF22A1F59D009FFDDF /* Main.storyboard */; };
		92BCC90322A1F59D009FFDDF /* Assets.xcassets in Resources */ = {isa = PBXBuildFile; fileRef = 92BCC90222A1F59D009FFDDF /* Assets.xcassets */; };
		92BCC90622A1F59D009FFDDF /* LaunchScreen.storyboard in Resources */ = {isa = PBXBuildFile; fileRef = 92BCC90422A1F59D009FFDDF /* LaunchScreen.storyboard */; };
		92BCC91122A1F59D009FFDDF /* LodjinhaSZTests.swift in Sources */ = {isa = PBXBuildFile; fileRef = 92BCC91022A1F59D009FFDDF /* LodjinhaSZTests.swift */; };
		92BCC91C22A1F59D009FFDDF /* LodjinhaSZUITests.swift in Sources */ = {isa = PBXBuildFile; fileRef = 92BCC91B22A1F59D009FFDDF /* LodjinhaSZUITests.swift */; };
		92BCC92D22A1FB42009FFDDF /* Pacifico-Bold.ttf in Resources */ = {isa = PBXBuildFile; fileRef = 92BCC92A22A1FB42009FFDDF /* Pacifico-Bold.ttf */; };
		92BCC92E22A1FB42009FFDDF /* Pacifico-Light.ttf in Resources */ = {isa = PBXBuildFile; fileRef = 92BCC92B22A1FB42009FFDDF /* Pacifico-Light.ttf */; };
		92BCC92F22A1FB42009FFDDF /* Pacifico-Regular.ttf in Resources */ = {isa = PBXBuildFile; fileRef = 92BCC92C22A1FB42009FFDDF /* Pacifico-Regular.ttf */; };
		92E6A00922A8346100B93826 /* EmptyLabel.swift in Sources */ = {isa = PBXBuildFile; fileRef = 92E6A00822A8346100B93826 /* EmptyLabel.swift */; };
		92E6A01122A83BD700B93826 /* CategoryProductsPresenter.swift in Sources */ = {isa = PBXBuildFile; fileRef = 92E6A00B22A83BD700B93826 /* CategoryProductsPresenter.swift */; };
		92E6A01222A83BD700B93826 /* CategoryProductsWorker.swift in Sources */ = {isa = PBXBuildFile; fileRef = 92E6A00C22A83BD700B93826 /* CategoryProductsWorker.swift */; };
		92E6A01322A83BD700B93826 /* CategoryProductsRouter.swift in Sources */ = {isa = PBXBuildFile; fileRef = 92E6A00D22A83BD700B93826 /* CategoryProductsRouter.swift */; };
		92E6A01422A83BD700B93826 /* CategoryProductsModels.swift in Sources */ = {isa = PBXBuildFile; fileRef = 92E6A00E22A83BD700B93826 /* CategoryProductsModels.swift */; };
		92E6A01622A83BD700B93826 /* CategoryProductsInteractor.swift in Sources */ = {isa = PBXBuildFile; fileRef = 92E6A01022A83BD700B93826 /* CategoryProductsInteractor.swift */; };
		92E6A01822A8702200B93826 /* CategoryProductsNetworkWorker.swift in Sources */ = {isa = PBXBuildFile; fileRef = 92E6A01722A8702200B93826 /* CategoryProductsNetworkWorker.swift */; };
		92E6A01C22A8DABC00B93826 /* CategoryProductsViewController.swift in Sources */ = {isa = PBXBuildFile; fileRef = 92E6A01B22A8DABC00B93826 /* CategoryProductsViewController.swift */; };
/* End PBXBuildFile section */

/* Begin PBXContainerItemProxy section */
		92BCC90D22A1F59D009FFDDF /* PBXContainerItemProxy */ = {
			isa = PBXContainerItemProxy;
			containerPortal = 92BCC8F022A1F59C009FFDDF /* Project object */;
			proxyType = 1;
			remoteGlobalIDString = 92BCC8F722A1F59D009FFDDF;
			remoteInfo = LodjinhaSZ;
		};
		92BCC91822A1F59D009FFDDF /* PBXContainerItemProxy */ = {
			isa = PBXContainerItemProxy;
			containerPortal = 92BCC8F022A1F59C009FFDDF /* Project object */;
			proxyType = 1;
			remoteGlobalIDString = 92BCC8F722A1F59D009FFDDF;
			remoteInfo = LodjinhaSZ;
		};
/* End PBXContainerItemProxy section */

/* Begin PBXFileReference section */
		0607BE78E3F96A78C53542CB /* Pods-LodjinhaSZ.release.xcconfig */ = {isa = PBXFileReference; includeInIndex = 1; lastKnownFileType = text.xcconfig; name = "Pods-LodjinhaSZ.release.xcconfig"; path = "Pods/Target Support Files/Pods-LodjinhaSZ/Pods-LodjinhaSZ.release.xcconfig"; sourceTree = "<group>"; };
		063CEE9DA56A2CD3F6EEAB51 /* Pods-LodjinhaSZUITests.debug.xcconfig */ = {isa = PBXFileReference; includeInIndex = 1; lastKnownFileType = text.xcconfig; name = "Pods-LodjinhaSZUITests.debug.xcconfig"; path = "Pods/Target Support Files/Pods-LodjinhaSZUITests/Pods-LodjinhaSZUITests.debug.xcconfig"; sourceTree = "<group>"; };
		2205809C098750506B9DFDF1 /* Pods_LodjinhaSZTests.framework */ = {isa = PBXFileReference; explicitFileType = wrapper.framework; includeInIndex = 0; path = Pods_LodjinhaSZTests.framework; sourceTree = BUILT_PRODUCTS_DIR; };
		3E1ABA20AEB9A9293D802876 /* Pods-LodjinhaSZTests.release.xcconfig */ = {isa = PBXFileReference; includeInIndex = 1; lastKnownFileType = text.xcconfig; name = "Pods-LodjinhaSZTests.release.xcconfig"; path = "Pods/Target Support Files/Pods-LodjinhaSZTests/Pods-LodjinhaSZTests.release.xcconfig"; sourceTree = "<group>"; };
		4C2BC8B5FDF23D9CDE7881D2 /* Pods_LodjinhaSZ.framework */ = {isa = PBXFileReference; explicitFileType = wrapper.framework; includeInIndex = 0; path = Pods_LodjinhaSZ.framework; sourceTree = BUILT_PRODUCTS_DIR; };
		564B9905B0EF616AD99C29F7 /* Pods-LodjinhaSZUITests.release.xcconfig */ = {isa = PBXFileReference; includeInIndex = 1; lastKnownFileType = text.xcconfig; name = "Pods-LodjinhaSZUITests.release.xcconfig"; path = "Pods/Target Support Files/Pods-LodjinhaSZUITests/Pods-LodjinhaSZUITests.release.xcconfig"; sourceTree = "<group>"; };
		5A2FD7E80442E36CA83A9692 /* Pods_LodjinhaSZUITests.framework */ = {isa = PBXFileReference; explicitFileType = wrapper.framework; includeInIndex = 0; path = Pods_LodjinhaSZUITests.framework; sourceTree = BUILT_PRODUCTS_DIR; };
		9221D8AA22A4369800E7133A /* ProductReserve.swift */ = {isa = PBXFileReference; lastKnownFileType = sourcecode.swift; path = ProductReserve.swift; sourceTree = "<group>"; };
		9222035322A30A63003614DC /* Banner.swift */ = {isa = PBXFileReference; lastKnownFileType = sourcecode.swift; path = Banner.swift; sourceTree = "<group>"; };
		9222035522A30AC7003614DC /* Category.swift */ = {isa = PBXFileReference; lastKnownFileType = sourcecode.swift; path = Category.swift; sourceTree = "<group>"; };
		9222035722A30BA4003614DC /* Product.swift */ = {isa = PBXFileReference; lastKnownFileType = sourcecode.swift; path = Product.swift; sourceTree = "<group>"; };
		9222035922A30D23003614DC /* DataList.swift */ = {isa = PBXFileReference; lastKnownFileType = sourcecode.swift; path = DataList.swift; sourceTree = "<group>"; };
		9226BEFD22A5FCF50054FCD2 /* PopProductListNetworkWorker.swift */ = {isa = PBXFileReference; lastKnownFileType = sourcecode.swift; path = PopProductListNetworkWorker.swift; sourceTree = "<group>"; };
		9226BEFF22A604FF0054FCD2 /* NumberFormatter+Currency.swift */ = {isa = PBXFileReference; lastKnownFileType = sourcecode.swift; path = "NumberFormatter+Currency.swift"; sourceTree = "<group>"; };
		9226BF0422A625790054FCD2 /* BannerView.swift */ = {isa = PBXFileReference; lastKnownFileType = sourcecode.swift; path = BannerView.swift; sourceTree = "<group>"; };
		9226BF0622A6258F0054FCD2 /* CategoryCollectionViewCell.swift */ = {isa = PBXFileReference; lastKnownFileType = sourcecode.swift; path = CategoryCollectionViewCell.swift; sourceTree = "<group>"; };
		9226BF0822A6259D0054FCD2 /* ProductTableViewCell.swift */ = {isa = PBXFileReference; lastKnownFileType = sourcecode.swift; path = ProductTableViewCell.swift; sourceTree = "<group>"; };
		9226BF0A22A62AE00054FCD2 /* BannerScrollView.swift */ = {isa = PBXFileReference; lastKnownFileType = sourcecode.swift; path = BannerScrollView.swift; sourceTree = "<group>"; };
		9253C19922A34214005F6580 /* NetworkManager.swift */ = {isa = PBXFileReference; lastKnownFileType = sourcecode.swift; path = NetworkManager.swift; sourceTree = "<group>"; };
		92B127CE22A650E100099989 /* String+HTML.swift */ = {isa = PBXFileReference; lastKnownFileType = sourcecode.swift; path = "String+HTML.swift"; sourceTree = "<group>"; };
		92B2FCD422A485E700653163 /* UIImageView+Network.swift */ = {isa = PBXFileReference; lastKnownFileType = sourcecode.swift; path = "UIImageView+Network.swift"; sourceTree = "<group>"; };
		92B2FCD622A4868E00653163 /* HomePresenter.swift */ = {isa = PBXFileReference; lastKnownFileType = sourcecode.swift; path = HomePresenter.swift; sourceTree = "<group>"; };
		92B2FCD722A4868E00653163 /* HomeWorker.swift */ = {isa = PBXFileReference; lastKnownFileType = sourcecode.swift; path = HomeWorker.swift; sourceTree = "<group>"; };
		92B2FCD822A4868E00653163 /* HomeRouter.swift */ = {isa = PBXFileReference; lastKnownFileType = sourcecode.swift; path = HomeRouter.swift; sourceTree = "<group>"; };
		92B2FCD922A4868E00653163 /* HomeModels.swift */ = {isa = PBXFileReference; lastKnownFileType = sourcecode.swift; path = HomeModels.swift; sourceTree = "<group>"; };
		92B2FCDA22A4868E00653163 /* HomeViewController.swift */ = {isa = PBXFileReference; lastKnownFileType = sourcecode.swift; path = HomeViewController.swift; sourceTree = "<group>"; };
		92B2FCDB22A4868E00653163 /* HomeInteractor.swift */ = {isa = PBXFileReference; lastKnownFileType = sourcecode.swift; path = HomeInteractor.swift; sourceTree = "<group>"; };
		92B2FCE522A4949600653163 /* BannerListNetworkWorker.swift */ = {isa = PBXFileReference; lastKnownFileType = sourcecode.swift; path = BannerListNetworkWorker.swift; sourceTree = "<group>"; };
		92B2FCE722A4C99900653163 /* CustomTabBar.swift */ = {isa = PBXFileReference; lastKnownFileType = sourcecode.swift; path = CustomTabBar.swift; sourceTree = "<group>"; };
		92B2FCEA22A4D3B900653163 /* CategoryListNetworkWorker.swift */ = {isa = PBXFileReference; lastKnownFileType = sourcecode.swift; path = CategoryListNetworkWorker.swift; sourceTree = "<group>"; };
		92BCC8F822A1F59D009FFDDF /* LodjinhaSZ.app */ = {isa = PBXFileReference; explicitFileType = wrapper.application; includeInIndex = 0; path = LodjinhaSZ.app; sourceTree = BUILT_PRODUCTS_DIR; };
		92BCC8FB22A1F59D009FFDDF /* AppDelegate.swift */ = {isa = PBXFileReference; lastKnownFileType = sourcecode.swift; path = AppDelegate.swift; sourceTree = "<group>"; };
		92BCC90022A1F59D009FFDDF /* Base */ = {isa = PBXFileReference; lastKnownFileType = file.storyboard; name = Base; path = Base.lproj/Main.storyboard; sourceTree = "<group>"; };
		92BCC90222A1F59D009FFDDF /* Assets.xcassets */ = {isa = PBXFileReference; lastKnownFileType = folder.assetcatalog; path = Assets.xcassets; sourceTree = "<group>"; };
		92BCC90522A1F59D009FFDDF /* Base */ = {isa = PBXFileReference; lastKnownFileType = file.storyboard; name = Base; path = Base.lproj/LaunchScreen.storyboard; sourceTree = "<group>"; };
		92BCC90722A1F59D009FFDDF /* Info.plist */ = {isa = PBXFileReference; lastKnownFileType = text.plist.xml; path = Info.plist; sourceTree = "<group>"; };
		92BCC90C22A1F59D009FFDDF /* LodjinhaSZTests.xctest */ = {isa = PBXFileReference; explicitFileType = wrapper.cfbundle; includeInIndex = 0; path = LodjinhaSZTests.xctest; sourceTree = BUILT_PRODUCTS_DIR; };
		92BCC91022A1F59D009FFDDF /* LodjinhaSZTests.swift */ = {isa = PBXFileReference; lastKnownFileType = sourcecode.swift; path = LodjinhaSZTests.swift; sourceTree = "<group>"; };
		92BCC91222A1F59D009FFDDF /* Info.plist */ = {isa = PBXFileReference; lastKnownFileType = text.plist.xml; path = Info.plist; sourceTree = "<group>"; };
		92BCC91722A1F59D009FFDDF /* LodjinhaSZUITests.xctest */ = {isa = PBXFileReference; explicitFileType = wrapper.cfbundle; includeInIndex = 0; path = LodjinhaSZUITests.xctest; sourceTree = BUILT_PRODUCTS_DIR; };
		92BCC91B22A1F59D009FFDDF /* LodjinhaSZUITests.swift */ = {isa = PBXFileReference; lastKnownFileType = sourcecode.swift; path = LodjinhaSZUITests.swift; sourceTree = "<group>"; };
		92BCC91D22A1F59D009FFDDF /* Info.plist */ = {isa = PBXFileReference; lastKnownFileType = text.plist.xml; path = Info.plist; sourceTree = "<group>"; };
		92BCC92A22A1FB42009FFDDF /* Pacifico-Bold.ttf */ = {isa = PBXFileReference; lastKnownFileType = file; path = "Pacifico-Bold.ttf"; sourceTree = "<group>"; };
		92BCC92B22A1FB42009FFDDF /* Pacifico-Light.ttf */ = {isa = PBXFileReference; lastKnownFileType = file; path = "Pacifico-Light.ttf"; sourceTree = "<group>"; };
		92BCC92C22A1FB42009FFDDF /* Pacifico-Regular.ttf */ = {isa = PBXFileReference; lastKnownFileType = file; path = "Pacifico-Regular.ttf"; sourceTree = "<group>"; };
		92E6A00822A8346100B93826 /* EmptyLabel.swift */ = {isa = PBXFileReference; lastKnownFileType = sourcecode.swift; path = EmptyLabel.swift; sourceTree = "<group>"; };
		92E6A00B22A83BD700B93826 /* CategoryProductsPresenter.swift */ = {isa = PBXFileReference; lastKnownFileType = sourcecode.swift; path = CategoryProductsPresenter.swift; sourceTree = "<group>"; };
		92E6A00C22A83BD700B93826 /* CategoryProductsWorker.swift */ = {isa = PBXFileReference; lastKnownFileType = sourcecode.swift; path = CategoryProductsWorker.swift; sourceTree = "<group>"; };
		92E6A00D22A83BD700B93826 /* CategoryProductsRouter.swift */ = {isa = PBXFileReference; lastKnownFileType = sourcecode.swift; path = CategoryProductsRouter.swift; sourceTree = "<group>"; };
		92E6A00E22A83BD700B93826 /* CategoryProductsModels.swift */ = {isa = PBXFileReference; lastKnownFileType = sourcecode.swift; path = CategoryProductsModels.swift; sourceTree = "<group>"; };
		92E6A01022A83BD700B93826 /* CategoryProductsInteractor.swift */ = {isa = PBXFileReference; lastKnownFileType = sourcecode.swift; path = CategoryProductsInteractor.swift; sourceTree = "<group>"; };
		92E6A01722A8702200B93826 /* CategoryProductsNetworkWorker.swift */ = {isa = PBXFileReference; lastKnownFileType = sourcecode.swift; path = CategoryProductsNetworkWorker.swift; sourceTree = "<group>"; };
		92E6A01B22A8DABC00B93826 /* CategoryProductsViewController.swift */ = {isa = PBXFileReference; fileEncoding = 4; lastKnownFileType = sourcecode.swift; path = CategoryProductsViewController.swift; sourceTree = "<group>"; };
		93754E1E2FB218EF8C4E7547 /* Pods-LodjinhaSZ.debug.xcconfig */ = {isa = PBXFileReference; includeInIndex = 1; lastKnownFileType = text.xcconfig; name = "Pods-LodjinhaSZ.debug.xcconfig"; path = "Pods/Target Support Files/Pods-LodjinhaSZ/Pods-LodjinhaSZ.debug.xcconfig"; sourceTree = "<group>"; };
		9A80FEE267616F2F908298CB /* Pods-LodjinhaSZTests.debug.xcconfig */ = {isa = PBXFileReference; includeInIndex = 1; lastKnownFileType = text.xcconfig; name = "Pods-LodjinhaSZTests.debug.xcconfig"; path = "Pods/Target Support Files/Pods-LodjinhaSZTests/Pods-LodjinhaSZTests.debug.xcconfig"; sourceTree = "<group>"; };
/* End PBXFileReference section */

/* Begin PBXFrameworksBuildPhase section */
		92BCC8F522A1F59D009FFDDF /* Frameworks */ = {
			isa = PBXFrameworksBuildPhase;
			buildActionMask = 2147483647;
			files = (
				459CBEB8CC49FF7324FF1CEB /* Pods_LodjinhaSZ.framework in Frameworks */,
			);
			runOnlyForDeploymentPostprocessing = 0;
		};
		92BCC90922A1F59D009FFDDF /* Frameworks */ = {
			isa = PBXFrameworksBuildPhase;
			buildActionMask = 2147483647;
			files = (
				214A2AAEC838EC1ED7FA0C9A /* Pods_LodjinhaSZTests.framework in Frameworks */,
			);
			runOnlyForDeploymentPostprocessing = 0;
		};
		92BCC91422A1F59D009FFDDF /* Frameworks */ = {
			isa = PBXFrameworksBuildPhase;
			buildActionMask = 2147483647;
			files = (
				344FCF05609D7D871471644E /* Pods_LodjinhaSZUITests.framework in Frameworks */,
			);
			runOnlyForDeploymentPostprocessing = 0;
		};
/* End PBXFrameworksBuildPhase section */

/* Begin PBXGroup section */
		11B49DF545AC010F9454B6D5 /* Pods */ = {
			isa = PBXGroup;
			children = (
				93754E1E2FB218EF8C4E7547 /* Pods-LodjinhaSZ.debug.xcconfig */,
				0607BE78E3F96A78C53542CB /* Pods-LodjinhaSZ.release.xcconfig */,
				9A80FEE267616F2F908298CB /* Pods-LodjinhaSZTests.debug.xcconfig */,
				3E1ABA20AEB9A9293D802876 /* Pods-LodjinhaSZTests.release.xcconfig */,
				063CEE9DA56A2CD3F6EEAB51 /* Pods-LodjinhaSZUITests.debug.xcconfig */,
				564B9905B0EF616AD99C29F7 /* Pods-LodjinhaSZUITests.release.xcconfig */,
			);
			name = Pods;
			sourceTree = "<group>";
		};
		7DDEA3458EF2F9514CC90779 /* Frameworks */ = {
			isa = PBXGroup;
			children = (
				4C2BC8B5FDF23D9CDE7881D2 /* Pods_LodjinhaSZ.framework */,
				2205809C098750506B9DFDF1 /* Pods_LodjinhaSZTests.framework */,
				5A2FD7E80442E36CA83A9692 /* Pods_LodjinhaSZUITests.framework */,
			);
			name = Frameworks;
			sourceTree = "<group>";
		};
		9222034E22A307FE003614DC /* UI */ = {
			isa = PBXGroup;
			children = (
				92BCC8FF22A1F59D009FFDDF /* Main.storyboard */,
				92BCC90422A1F59D009FFDDF /* LaunchScreen.storyboard */,
			);
			path = UI;
			sourceTree = "<group>";
		};
		9222034F22A30880003614DC /* Managers */ = {
			isa = PBXGroup;
			children = (
				9253C19922A34214005F6580 /* NetworkManager.swift */,
			);
			path = Managers;
			sourceTree = "<group>";
		};
		9222035022A3088F003614DC /* Models */ = {
			isa = PBXGroup;
			children = (
				9222035322A30A63003614DC /* Banner.swift */,
				9222035522A30AC7003614DC /* Category.swift */,
				9222035722A30BA4003614DC /* Product.swift */,
				9222035922A30D23003614DC /* DataList.swift */,
				9221D8AA22A4369800E7133A /* ProductReserve.swift */,
			);
			path = Models;
			sourceTree = "<group>";
		};
		9222035122A3089B003614DC /* Scenes */ = {
			isa = PBXGroup;
			children = (
				92B2FCD222A474AE00653163 /* Home */,
				92E6A00A22A83B9800B93826 /* Category's Products */,
			);
			path = Scenes;
			sourceTree = "<group>";
		};
		9226BF0322A625620054FCD2 /* Cells */ = {
			isa = PBXGroup;
			children = (
				9226BF0422A625790054FCD2 /* BannerView.swift */,
				9226BF0622A6258F0054FCD2 /* CategoryCollectionViewCell.swift */,
				9226BF0822A6259D0054FCD2 /* ProductTableViewCell.swift */,
			);
			path = Cells;
			sourceTree = "<group>";
		};
		92B2FCD222A474AE00653163 /* Home */ = {
			isa = PBXGroup;
			children = (
				9226BF0322A625620054FCD2 /* Cells */,
				92B2FCD922A4868E00653163 /* HomeModels.swift */,
				92B2FCDA22A4868E00653163 /* HomeViewController.swift */,
				92B2FCDB22A4868E00653163 /* HomeInteractor.swift */,
				92B2FCD722A4868E00653163 /* HomeWorker.swift */,
				92B2FCD622A4868E00653163 /* HomePresenter.swift */,
				92B2FCD822A4868E00653163 /* HomeRouter.swift */,
			);
			path = Home;
			sourceTree = "<group>";
		};
		92B2FCD322A485DB00653163 /* Helpers */ = {
			isa = PBXGroup;
			children = (
				92B2FCD422A485E700653163 /* UIImageView+Network.swift */,
				9226BEFF22A604FF0054FCD2 /* NumberFormatter+Currency.swift */,
				92B127CE22A650E100099989 /* String+HTML.swift */,
			);
			path = Helpers;
			sourceTree = "<group>";
		};
		92B2FCE422A493FA00653163 /* Workers */ = {
			isa = PBXGroup;
			children = (
				92B2FCE522A4949600653163 /* BannerListNetworkWorker.swift */,
				92B2FCEA22A4D3B900653163 /* CategoryListNetworkWorker.swift */,
				9226BEFD22A5FCF50054FCD2 /* PopProductListNetworkWorker.swift */,
				92E6A01722A8702200B93826 /* CategoryProductsNetworkWorker.swift */,
			);
			path = Workers;
			sourceTree = "<group>";
		};
		92B2FCE922A4CD6000653163 /* Custom */ = {
			isa = PBXGroup;
			children = (
				92B2FCE722A4C99900653163 /* CustomTabBar.swift */,
				9226BF0A22A62AE00054FCD2 /* BannerScrollView.swift */,
				92E6A00822A8346100B93826 /* EmptyLabel.swift */,
			);
			path = Custom;
			sourceTree = "<group>";
		};
		92BCC8EF22A1F59C009FFDDF = {
			isa = PBXGroup;
			children = (
				92BCC8FA22A1F59D009FFDDF /* LodjinhaSZ */,
				92BCC90F22A1F59D009FFDDF /* LodjinhaSZTests */,
				92BCC91A22A1F59D009FFDDF /* LodjinhaSZUITests */,
				92BCC8F922A1F59D009FFDDF /* Products */,
				11B49DF545AC010F9454B6D5 /* Pods */,
				7DDEA3458EF2F9514CC90779 /* Frameworks */,
			);
			sourceTree = "<group>";
		};
		92BCC8F922A1F59D009FFDDF /* Products */ = {
			isa = PBXGroup;
			children = (
				92BCC8F822A1F59D009FFDDF /* LodjinhaSZ.app */,
				92BCC90C22A1F59D009FFDDF /* LodjinhaSZTests.xctest */,
				92BCC91722A1F59D009FFDDF /* LodjinhaSZUITests.xctest */,
			);
			name = Products;
			sourceTree = "<group>";
		};
		92BCC8FA22A1F59D009FFDDF /* LodjinhaSZ */ = {
			isa = PBXGroup;
			children = (
				92B2FCE922A4CD6000653163 /* Custom */,
				92B2FCD322A485DB00653163 /* Helpers */,
				9222034F22A30880003614DC /* Managers */,
				9222035022A3088F003614DC /* Models */,
				9222035122A3089B003614DC /* Scenes */,
				92B2FCE422A493FA00653163 /* Workers */,
				9222034E22A307FE003614DC /* UI */,
				92BCC92922A1FB1F009FFDDF /* Resources */,
				92BCC90722A1F59D009FFDDF /* Info.plist */,
				92BCC8FB22A1F59D009FFDDF /* AppDelegate.swift */,
			);
			path = LodjinhaSZ;
			sourceTree = "<group>";
		};
		92BCC90F22A1F59D009FFDDF /* LodjinhaSZTests */ = {
			isa = PBXGroup;
			children = (
				92BCC91022A1F59D009FFDDF /* LodjinhaSZTests.swift */,
				92BCC91222A1F59D009FFDDF /* Info.plist */,
			);
			path = LodjinhaSZTests;
			sourceTree = "<group>";
		};
		92BCC91A22A1F59D009FFDDF /* LodjinhaSZUITests */ = {
			isa = PBXGroup;
			children = (
				92BCC91B22A1F59D009FFDDF /* LodjinhaSZUITests.swift */,
				92BCC91D22A1F59D009FFDDF /* Info.plist */,
			);
			path = LodjinhaSZUITests;
			sourceTree = "<group>";
		};
		92BCC92922A1FB1F009FFDDF /* Resources */ = {
			isa = PBXGroup;
			children = (
				92BCC93022A1FB45009FFDDF /* Fonts */,
				92BCC90222A1F59D009FFDDF /* Assets.xcassets */,
			);
			path = Resources;
			sourceTree = "<group>";
		};
		92BCC93022A1FB45009FFDDF /* Fonts */ = {
			isa = PBXGroup;
			children = (
				92BCC92A22A1FB42009FFDDF /* Pacifico-Bold.ttf */,
				92BCC92B22A1FB42009FFDDF /* Pacifico-Light.ttf */,
				92BCC92C22A1FB42009FFDDF /* Pacifico-Regular.ttf */,
			);
			path = Fonts;
			sourceTree = "<group>";
		};
		92E6A00A22A83B9800B93826 /* Category's Products */ = {
			isa = PBXGroup;
			children = (
				92E6A00E22A83BD700B93826 /* CategoryProductsModels.swift */,
				92E6A01B22A8DABC00B93826 /* CategoryProductsViewController.swift */,
				92E6A01022A83BD700B93826 /* CategoryProductsInteractor.swift */,
				92E6A00C22A83BD700B93826 /* CategoryProductsWorker.swift */,
				92E6A00B22A83BD700B93826 /* CategoryProductsPresenter.swift */,
				92E6A00D22A83BD700B93826 /* CategoryProductsRouter.swift */,
			);
			path = "Category's Products";
			sourceTree = "<group>";
		};
/* End PBXGroup section */

/* Begin PBXNativeTarget section */
		92BCC8F722A1F59D009FFDDF /* LodjinhaSZ */ = {
			isa = PBXNativeTarget;
			buildConfigurationList = 92BCC92022A1F59D009FFDDF /* Build configuration list for PBXNativeTarget "LodjinhaSZ" */;
			buildPhases = (
				1D8081A422096F2AE306FB89 /* [CP] Check Pods Manifest.lock */,
				92BCC8F422A1F59D009FFDDF /* Sources */,
				92BCC8F522A1F59D009FFDDF /* Frameworks */,
				92BCC8F622A1F59D009FFDDF /* Resources */,
				FC8A90C5BA3F844E01B46491 /* [CP] Embed Pods Frameworks */,
			);
			buildRules = (
			);
			dependencies = (
			);
			name = LodjinhaSZ;
			productName = LodjinhaSZ;
			productReference = 92BCC8F822A1F59D009FFDDF /* LodjinhaSZ.app */;
			productType = "com.apple.product-type.application";
		};
		92BCC90B22A1F59D009FFDDF /* LodjinhaSZTests */ = {
			isa = PBXNativeTarget;
			buildConfigurationList = 92BCC92322A1F59D009FFDDF /* Build configuration list for PBXNativeTarget "LodjinhaSZTests" */;
			buildPhases = (
				E5FF33259F0EADE341EE4BF9 /* [CP] Check Pods Manifest.lock */,
				92BCC90822A1F59D009FFDDF /* Sources */,
				92BCC90922A1F59D009FFDDF /* Frameworks */,
				92BCC90A22A1F59D009FFDDF /* Resources */,
			);
			buildRules = (
			);
			dependencies = (
				92BCC90E22A1F59D009FFDDF /* PBXTargetDependency */,
			);
			name = LodjinhaSZTests;
			productName = LodjinhaSZTests;
			productReference = 92BCC90C22A1F59D009FFDDF /* LodjinhaSZTests.xctest */;
			productType = "com.apple.product-type.bundle.unit-test";
		};
		92BCC91622A1F59D009FFDDF /* LodjinhaSZUITests */ = {
			isa = PBXNativeTarget;
			buildConfigurationList = 92BCC92622A1F59D009FFDDF /* Build configuration list for PBXNativeTarget "LodjinhaSZUITests" */;
			buildPhases = (
				A3494E72BC846C9296DCD311 /* [CP] Check Pods Manifest.lock */,
				92BCC91322A1F59D009FFDDF /* Sources */,
				92BCC91422A1F59D009FFDDF /* Frameworks */,
				92BCC91522A1F59D009FFDDF /* Resources */,
			);
			buildRules = (
			);
			dependencies = (
				92BCC91922A1F59D009FFDDF /* PBXTargetDependency */,
			);
			name = LodjinhaSZUITests;
			productName = LodjinhaSZUITests;
			productReference = 92BCC91722A1F59D009FFDDF /* LodjinhaSZUITests.xctest */;
			productType = "com.apple.product-type.bundle.ui-testing";
		};
/* End PBXNativeTarget section */

/* Begin PBXProject section */
		92BCC8F022A1F59C009FFDDF /* Project object */ = {
			isa = PBXProject;
			attributes = {
				LastSwiftUpdateCheck = 1020;
				LastUpgradeCheck = 1020;
				ORGANIZATIONNAME = "Tiago Chaves";
				TargetAttributes = {
					92BCC8F722A1F59D009FFDDF = {
						CreatedOnToolsVersion = 10.2.1;
					};
					92BCC90B22A1F59D009FFDDF = {
						CreatedOnToolsVersion = 10.2.1;
						TestTargetID = 92BCC8F722A1F59D009FFDDF;
					};
					92BCC91622A1F59D009FFDDF = {
						CreatedOnToolsVersion = 10.2.1;
						TestTargetID = 92BCC8F722A1F59D009FFDDF;
					};
				};
			};
			buildConfigurationList = 92BCC8F322A1F59C009FFDDF /* Build configuration list for PBXProject "LodjinhaSZ" */;
			compatibilityVersion = "Xcode 9.3";
			developmentRegion = en;
			hasScannedForEncodings = 0;
			knownRegions = (
				en,
				Base,
			);
			mainGroup = 92BCC8EF22A1F59C009FFDDF;
			productRefGroup = 92BCC8F922A1F59D009FFDDF /* Products */;
			projectDirPath = "";
			projectRoot = "";
			targets = (
				92BCC8F722A1F59D009FFDDF /* LodjinhaSZ */,
				92BCC90B22A1F59D009FFDDF /* LodjinhaSZTests */,
				92BCC91622A1F59D009FFDDF /* LodjinhaSZUITests */,
			);
		};
/* End PBXProject section */

/* Begin PBXResourcesBuildPhase section */
		92BCC8F622A1F59D009FFDDF /* Resources */ = {
			isa = PBXResourcesBuildPhase;
			buildActionMask = 2147483647;
			files = (
				92BCC90622A1F59D009FFDDF /* LaunchScreen.storyboard in Resources */,
				92BCC92E22A1FB42009FFDDF /* Pacifico-Light.ttf in Resources */,
				92BCC92D22A1FB42009FFDDF /* Pacifico-Bold.ttf in Resources */,
				92BCC92F22A1FB42009FFDDF /* Pacifico-Regular.ttf in Resources */,
				92BCC90322A1F59D009FFDDF /* Assets.xcassets in Resources */,
				92BCC90122A1F59D009FFDDF /* Main.storyboard in Resources */,
			);
			runOnlyForDeploymentPostprocessing = 0;
		};
		92BCC90A22A1F59D009FFDDF /* Resources */ = {
			isa = PBXResourcesBuildPhase;
			buildActionMask = 2147483647;
			files = (
			);
			runOnlyForDeploymentPostprocessing = 0;
		};
		92BCC91522A1F59D009FFDDF /* Resources */ = {
			isa = PBXResourcesBuildPhase;
			buildActionMask = 2147483647;
			files = (
			);
			runOnlyForDeploymentPostprocessing = 0;
		};
/* End PBXResourcesBuildPhase section */

/* Begin PBXShellScriptBuildPhase section */
		1D8081A422096F2AE306FB89 /* [CP] Check Pods Manifest.lock */ = {
			isa = PBXShellScriptBuildPhase;
			buildActionMask = 2147483647;
			files = (
			);
			inputPaths = (
				"${PODS_PODFILE_DIR_PATH}/Podfile.lock",
				"${PODS_ROOT}/Manifest.lock",
			);
			name = "[CP] Check Pods Manifest.lock";
			outputPaths = (
				"$(DERIVED_FILE_DIR)/Pods-LodjinhaSZ-checkManifestLockResult.txt",
			);
			runOnlyForDeploymentPostprocessing = 0;
			shellPath = /bin/sh;
			shellScript = "diff \"${PODS_PODFILE_DIR_PATH}/Podfile.lock\" \"${PODS_ROOT}/Manifest.lock\" > /dev/null\nif [ $? != 0 ] ; then\n    # print error to STDERR\n    echo \"error: The sandbox is not in sync with the Podfile.lock. Run 'pod install' or update your CocoaPods installation.\" >&2\n    exit 1\nfi\n# This output is used by Xcode 'outputs' to avoid re-running this script phase.\necho \"SUCCESS\" > \"${SCRIPT_OUTPUT_FILE_0}\"\n";
			showEnvVarsInLog = 0;
		};
		A3494E72BC846C9296DCD311 /* [CP] Check Pods Manifest.lock */ = {
			isa = PBXShellScriptBuildPhase;
			buildActionMask = 2147483647;
			files = (
			);
			inputPaths = (
				"${PODS_PODFILE_DIR_PATH}/Podfile.lock",
				"${PODS_ROOT}/Manifest.lock",
			);
			name = "[CP] Check Pods Manifest.lock";
			outputPaths = (
				"$(DERIVED_FILE_DIR)/Pods-LodjinhaSZUITests-checkManifestLockResult.txt",
			);
			runOnlyForDeploymentPostprocessing = 0;
			shellPath = /bin/sh;
			shellScript = "diff \"${PODS_PODFILE_DIR_PATH}/Podfile.lock\" \"${PODS_ROOT}/Manifest.lock\" > /dev/null\nif [ $? != 0 ] ; then\n    # print error to STDERR\n    echo \"error: The sandbox is not in sync with the Podfile.lock. Run 'pod install' or update your CocoaPods installation.\" >&2\n    exit 1\nfi\n# This output is used by Xcode 'outputs' to avoid re-running this script phase.\necho \"SUCCESS\" > \"${SCRIPT_OUTPUT_FILE_0}\"\n";
			showEnvVarsInLog = 0;
		};
		E5FF33259F0EADE341EE4BF9 /* [CP] Check Pods Manifest.lock */ = {
			isa = PBXShellScriptBuildPhase;
			buildActionMask = 2147483647;
			files = (
			);
			inputPaths = (
				"${PODS_PODFILE_DIR_PATH}/Podfile.lock",
				"${PODS_ROOT}/Manifest.lock",
			);
			name = "[CP] Check Pods Manifest.lock";
			outputPaths = (
				"$(DERIVED_FILE_DIR)/Pods-LodjinhaSZTests-checkManifestLockResult.txt",
			);
			runOnlyForDeploymentPostprocessing = 0;
			shellPath = /bin/sh;
			shellScript = "diff \"${PODS_PODFILE_DIR_PATH}/Podfile.lock\" \"${PODS_ROOT}/Manifest.lock\" > /dev/null\nif [ $? != 0 ] ; then\n    # print error to STDERR\n    echo \"error: The sandbox is not in sync with the Podfile.lock. Run 'pod install' or update your CocoaPods installation.\" >&2\n    exit 1\nfi\n# This output is used by Xcode 'outputs' to avoid re-running this script phase.\necho \"SUCCESS\" > \"${SCRIPT_OUTPUT_FILE_0}\"\n";
			showEnvVarsInLog = 0;
		};
		FC8A90C5BA3F844E01B46491 /* [CP] Embed Pods Frameworks */ = {
			isa = PBXShellScriptBuildPhase;
			buildActionMask = 2147483647;
			files = (
			);
			inputPaths = (
				"${SRCROOT}/Pods/Target Support Files/Pods-LodjinhaSZ/Pods-LodjinhaSZ-frameworks.sh",
				"${BUILT_PRODUCTS_DIR}/Alamofire/Alamofire.framework",
			);
			name = "[CP] Embed Pods Frameworks";
			outputPaths = (
				"${TARGET_BUILD_DIR}/${FRAMEWORKS_FOLDER_PATH}/Alamofire.framework",
			);
			runOnlyForDeploymentPostprocessing = 0;
			shellPath = /bin/sh;
			shellScript = "\"${SRCROOT}/Pods/Target Support Files/Pods-LodjinhaSZ/Pods-LodjinhaSZ-frameworks.sh\"\n";
			showEnvVarsInLog = 0;
		};
/* End PBXShellScriptBuildPhase section */

/* Begin PBXSourcesBuildPhase section */
		92BCC8F422A1F59D009FFDDF /* Sources */ = {
			isa = PBXSourcesBuildPhase;
			buildActionMask = 2147483647;
			files = (
				9226BF0522A625790054FCD2 /* BannerView.swift in Sources */,
				9253C19A22A34214005F6580 /* NetworkManager.swift in Sources */,
				9222035A22A30D23003614DC /* DataList.swift in Sources */,
				92B127CF22A650E100099989 /* String+HTML.swift in Sources */,
				92BCC8FC22A1F59D009FFDDF /* AppDelegate.swift in Sources */,
				9222035822A30BA4003614DC /* Product.swift in Sources */,
				92B2FCE822A4C99900653163 /* CustomTabBar.swift in Sources */,
				92E6A01822A8702200B93826 /* CategoryProductsNetworkWorker.swift in Sources */,
				92B2FCDF22A4868E00653163 /* HomeModels.swift in Sources */,
				9226BF0922A6259D0054FCD2 /* ProductTableViewCell.swift in Sources */,
				9226BEFE22A5FCF50054FCD2 /* PopProductListNetworkWorker.swift in Sources */,
				92E6A01322A83BD700B93826 /* CategoryProductsRouter.swift in Sources */,
				9226BF0022A604FF0054FCD2 /* NumberFormatter+Currency.swift in Sources */,
				92B2FCEB22A4D3BA00653163 /* CategoryListNetworkWorker.swift in Sources */,
				9221D8AB22A4369800E7133A /* ProductReserve.swift in Sources */,
				9226BF0B22A62AE00054FCD2 /* BannerScrollView.swift in Sources */,
				92B2FCD522A485E700653163 /* UIImageView+Network.swift in Sources */,
				92E6A01622A83BD700B93826 /* CategoryProductsInteractor.swift in Sources */,
				92B2FCDC22A4868E00653163 /* HomePresenter.swift in Sources */,
				92E6A01C22A8DABC00B93826 /* CategoryProductsViewController.swift in Sources */,
				9222035422A30A63003614DC /* Banner.swift in Sources */,
				92B2FCDD22A4868E00653163 /* HomeWorker.swift in Sources */,
				9222035622A30AC7003614DC /* Category.swift in Sources */,
				92B2FCE022A4868E00653163 /* HomeViewController.swift in Sources */,
				92B2FCDE22A4868E00653163 /* HomeRouter.swift in Sources */,
				92B2FCE622A4949600653163 /* BannerListNetworkWorker.swift in Sources */,
				92E6A01122A83BD700B93826 /* CategoryProductsPresenter.swift in Sources */,
				9226BF0722A6258F0054FCD2 /* CategoryCollectionViewCell.swift in Sources */,
				92E6A01422A83BD700B93826 /* CategoryProductsModels.swift in Sources */,
				92B2FCE122A4868E00653163 /* HomeInteractor.swift in Sources */,
				92E6A00922A8346100B93826 /* EmptyLabel.swift in Sources */,
				92E6A01222A83BD700B93826 /* CategoryProductsWorker.swift in Sources */,
			);
			runOnlyForDeploymentPostprocessing = 0;
		};
		92BCC90822A1F59D009FFDDF /* Sources */ = {
			isa = PBXSourcesBuildPhase;
			buildActionMask = 2147483647;
			files = (
				92BCC91122A1F59D009FFDDF /* LodjinhaSZTests.swift in Sources */,
			);
			runOnlyForDeploymentPostprocessing = 0;
		};
		92BCC91322A1F59D009FFDDF /* Sources */ = {
			isa = PBXSourcesBuildPhase;
			buildActionMask = 2147483647;
			files = (
				92BCC91C22A1F59D009FFDDF /* LodjinhaSZUITests.swift in Sources */,
			);
			runOnlyForDeploymentPostprocessing = 0;
		};
/* End PBXSourcesBuildPhase section */

/* Begin PBXTargetDependency section */
		92BCC90E22A1F59D009FFDDF /* PBXTargetDependency */ = {
			isa = PBXTargetDependency;
			target = 92BCC8F722A1F59D009FFDDF /* LodjinhaSZ */;
			targetProxy = 92BCC90D22A1F59D009FFDDF /* PBXContainerItemProxy */;
		};
		92BCC91922A1F59D009FFDDF /* PBXTargetDependency */ = {
			isa = PBXTargetDependency;
			target = 92BCC8F722A1F59D009FFDDF /* LodjinhaSZ */;
			targetProxy = 92BCC91822A1F59D009FFDDF /* PBXContainerItemProxy */;
		};
/* End PBXTargetDependency section */

/* Begin PBXVariantGroup section */
		92BCC8FF22A1F59D009FFDDF /* Main.storyboard */ = {
			isa = PBXVariantGroup;
			children = (
				92BCC90022A1F59D009FFDDF /* Base */,
			);
			name = Main.storyboard;
			sourceTree = "<group>";
		};
		92BCC90422A1F59D009FFDDF /* LaunchScreen.storyboard */ = {
			isa = PBXVariantGroup;
			children = (
				92BCC90522A1F59D009FFDDF /* Base */,
			);
			name = LaunchScreen.storyboard;
			sourceTree = "<group>";
		};
/* End PBXVariantGroup section */

/* Begin XCBuildConfiguration section */
		92BCC91E22A1F59D009FFDDF /* Debug */ = {
			isa = XCBuildConfiguration;
			buildSettings = {
				ALWAYS_SEARCH_USER_PATHS = NO;
				CLANG_ANALYZER_NONNULL = YES;
				CLANG_ANALYZER_NUMBER_OBJECT_CONVERSION = YES_AGGRESSIVE;
				CLANG_CXX_LANGUAGE_STANDARD = "gnu++14";
				CLANG_CXX_LIBRARY = "libc++";
				CLANG_ENABLE_MODULES = YES;
				CLANG_ENABLE_OBJC_ARC = YES;
				CLANG_ENABLE_OBJC_WEAK = YES;
				CLANG_WARN_BLOCK_CAPTURE_AUTORELEASING = YES;
				CLANG_WARN_BOOL_CONVERSION = YES;
				CLANG_WARN_COMMA = YES;
				CLANG_WARN_CONSTANT_CONVERSION = YES;
				CLANG_WARN_DEPRECATED_OBJC_IMPLEMENTATIONS = YES;
				CLANG_WARN_DIRECT_OBJC_ISA_USAGE = YES_ERROR;
				CLANG_WARN_DOCUMENTATION_COMMENTS = YES;
				CLANG_WARN_EMPTY_BODY = YES;
				CLANG_WARN_ENUM_CONVERSION = YES;
				CLANG_WARN_INFINITE_RECURSION = YES;
				CLANG_WARN_INT_CONVERSION = YES;
				CLANG_WARN_NON_LITERAL_NULL_CONVERSION = YES;
				CLANG_WARN_OBJC_IMPLICIT_RETAIN_SELF = YES;
				CLANG_WARN_OBJC_LITERAL_CONVERSION = YES;
				CLANG_WARN_OBJC_ROOT_CLASS = YES_ERROR;
				CLANG_WARN_RANGE_LOOP_ANALYSIS = YES;
				CLANG_WARN_STRICT_PROTOTYPES = YES;
				CLANG_WARN_SUSPICIOUS_MOVE = YES;
				CLANG_WARN_UNGUARDED_AVAILABILITY = YES_AGGRESSIVE;
				CLANG_WARN_UNREACHABLE_CODE = YES;
				CLANG_WARN__DUPLICATE_METHOD_MATCH = YES;
				CODE_SIGN_IDENTITY = "iPhone Developer";
				COPY_PHASE_STRIP = NO;
				DEBUG_INFORMATION_FORMAT = dwarf;
				ENABLE_STRICT_OBJC_MSGSEND = YES;
				ENABLE_TESTABILITY = YES;
				GCC_C_LANGUAGE_STANDARD = gnu11;
				GCC_DYNAMIC_NO_PIC = NO;
				GCC_NO_COMMON_BLOCKS = YES;
				GCC_OPTIMIZATION_LEVEL = 0;
				GCC_PREPROCESSOR_DEFINITIONS = (
					"DEBUG=1",
					"$(inherited)",
				);
				GCC_WARN_64_TO_32_BIT_CONVERSION = YES;
				GCC_WARN_ABOUT_RETURN_TYPE = YES_ERROR;
				GCC_WARN_UNDECLARED_SELECTOR = YES;
				GCC_WARN_UNINITIALIZED_AUTOS = YES_AGGRESSIVE;
				GCC_WARN_UNUSED_FUNCTION = YES;
				GCC_WARN_UNUSED_VARIABLE = YES;
				IPHONEOS_DEPLOYMENT_TARGET = 12.2;
				MTL_ENABLE_DEBUG_INFO = INCLUDE_SOURCE;
				MTL_FAST_MATH = YES;
				ONLY_ACTIVE_ARCH = YES;
				SDKROOT = iphoneos;
				SWIFT_ACTIVE_COMPILATION_CONDITIONS = DEBUG;
				SWIFT_OPTIMIZATION_LEVEL = "-Onone";
			};
			name = Debug;
		};
		92BCC91F22A1F59D009FFDDF /* Release */ = {
			isa = XCBuildConfiguration;
			buildSettings = {
				ALWAYS_SEARCH_USER_PATHS = NO;
				CLANG_ANALYZER_NONNULL = YES;
				CLANG_ANALYZER_NUMBER_OBJECT_CONVERSION = YES_AGGRESSIVE;
				CLANG_CXX_LANGUAGE_STANDARD = "gnu++14";
				CLANG_CXX_LIBRARY = "libc++";
				CLANG_ENABLE_MODULES = YES;
				CLANG_ENABLE_OBJC_ARC = YES;
				CLANG_ENABLE_OBJC_WEAK = YES;
				CLANG_WARN_BLOCK_CAPTURE_AUTORELEASING = YES;
				CLANG_WARN_BOOL_CONVERSION = YES;
				CLANG_WARN_COMMA = YES;
				CLANG_WARN_CONSTANT_CONVERSION = YES;
				CLANG_WARN_DEPRECATED_OBJC_IMPLEMENTATIONS = YES;
				CLANG_WARN_DIRECT_OBJC_ISA_USAGE = YES_ERROR;
				CLANG_WARN_DOCUMENTATION_COMMENTS = YES;
				CLANG_WARN_EMPTY_BODY = YES;
				CLANG_WARN_ENUM_CONVERSION = YES;
				CLANG_WARN_INFINITE_RECURSION = YES;
				CLANG_WARN_INT_CONVERSION = YES;
				CLANG_WARN_NON_LITERAL_NULL_CONVERSION = YES;
				CLANG_WARN_OBJC_IMPLICIT_RETAIN_SELF = YES;
				CLANG_WARN_OBJC_LITERAL_CONVERSION = YES;
				CLANG_WARN_OBJC_ROOT_CLASS = YES_ERROR;
				CLANG_WARN_RANGE_LOOP_ANALYSIS = YES;
				CLANG_WARN_STRICT_PROTOTYPES = YES;
				CLANG_WARN_SUSPICIOUS_MOVE = YES;
				CLANG_WARN_UNGUARDED_AVAILABILITY = YES_AGGRESSIVE;
				CLANG_WARN_UNREACHABLE_CODE = YES;
				CLANG_WARN__DUPLICATE_METHOD_MATCH = YES;
				CODE_SIGN_IDENTITY = "iPhone Developer";
				COPY_PHASE_STRIP = NO;
				DEBUG_INFORMATION_FORMAT = "dwarf-with-dsym";
				ENABLE_NS_ASSERTIONS = NO;
				ENABLE_STRICT_OBJC_MSGSEND = YES;
				GCC_C_LANGUAGE_STANDARD = gnu11;
				GCC_NO_COMMON_BLOCKS = YES;
				GCC_WARN_64_TO_32_BIT_CONVERSION = YES;
				GCC_WARN_ABOUT_RETURN_TYPE = YES_ERROR;
				GCC_WARN_UNDECLARED_SELECTOR = YES;
				GCC_WARN_UNINITIALIZED_AUTOS = YES_AGGRESSIVE;
				GCC_WARN_UNUSED_FUNCTION = YES;
				GCC_WARN_UNUSED_VARIABLE = YES;
				IPHONEOS_DEPLOYMENT_TARGET = 12.2;
				MTL_ENABLE_DEBUG_INFO = NO;
				MTL_FAST_MATH = YES;
				SDKROOT = iphoneos;
				SWIFT_COMPILATION_MODE = wholemodule;
				SWIFT_OPTIMIZATION_LEVEL = "-O";
				VALIDATE_PRODUCT = YES;
			};
			name = Release;
		};
		92BCC92122A1F59D009FFDDF /* Debug */ = {
			isa = XCBuildConfiguration;
			baseConfigurationReference = 93754E1E2FB218EF8C4E7547 /* Pods-LodjinhaSZ.debug.xcconfig */;
			buildSettings = {
				ASSETCATALOG_COMPILER_APPICON_NAME = AppIcon;
				CODE_SIGN_STYLE = Automatic;
				DEVELOPMENT_TEAM = 5Y5KPADL48;
				INFOPLIST_FILE = LodjinhaSZ/Info.plist;
				IPHONEOS_DEPLOYMENT_TARGET = 9.0;
				LD_RUNPATH_SEARCH_PATHS = (
					"$(inherited)",
					"@executable_path/Frameworks",
				);
				PRODUCT_BUNDLE_IDENTIFIER = br.com.chavitos.LodjinhaSZ;
				PRODUCT_NAME = "$(TARGET_NAME)";
				SWIFT_VERSION = 5.0;
				TARGETED_DEVICE_FAMILY = "1,2";
			};
			name = Debug;
		};
		92BCC92222A1F59D009FFDDF /* Release */ = {
			isa = XCBuildConfiguration;
			baseConfigurationReference = 0607BE78E3F96A78C53542CB /* Pods-LodjinhaSZ.release.xcconfig */;
			buildSettings = {
				ASSETCATALOG_COMPILER_APPICON_NAME = AppIcon;
				CODE_SIGN_STYLE = Automatic;
				DEVELOPMENT_TEAM = 5Y5KPADL48;
				INFOPLIST_FILE = LodjinhaSZ/Info.plist;
				IPHONEOS_DEPLOYMENT_TARGET = 9.0;
				LD_RUNPATH_SEARCH_PATHS = (
					"$(inherited)",
					"@executable_path/Frameworks",
				);
				PRODUCT_BUNDLE_IDENTIFIER = br.com.chavitos.LodjinhaSZ;
				PRODUCT_NAME = "$(TARGET_NAME)";
				SWIFT_VERSION = 5.0;
				TARGETED_DEVICE_FAMILY = "1,2";
			};
			name = Release;
		};
		92BCC92422A1F59D009FFDDF /* Debug */ = {
			isa = XCBuildConfiguration;
			baseConfigurationReference = 9A80FEE267616F2F908298CB /* Pods-LodjinhaSZTests.debug.xcconfig */;
			buildSettings = {
				ALWAYS_EMBED_SWIFT_STANDARD_LIBRARIES = YES;
				BUNDLE_LOADER = "$(TEST_HOST)";
				CODE_SIGN_STYLE = Automatic;
				DEVELOPMENT_TEAM = 5Y5KPADL48;
				INFOPLIST_FILE = LodjinhaSZTests/Info.plist;
				LD_RUNPATH_SEARCH_PATHS = (
					"$(inherited)",
					"@executable_path/Frameworks",
					"@loader_path/Frameworks",
				);
				PRODUCT_BUNDLE_IDENTIFIER = br.com.chavitos.LodjinhaSZTests;
				PRODUCT_NAME = "$(TARGET_NAME)";
				SWIFT_VERSION = 5.0;
				TARGETED_DEVICE_FAMILY = "1,2";
				TEST_HOST = "$(BUILT_PRODUCTS_DIR)/LodjinhaSZ.app/LodjinhaSZ";
			};
			name = Debug;
		};
		92BCC92522A1F59D009FFDDF /* Release */ = {
			isa = XCBuildConfiguration;
			baseConfigurationReference = 3E1ABA20AEB9A9293D802876 /* Pods-LodjinhaSZTests.release.xcconfig */;
			buildSettings = {
				ALWAYS_EMBED_SWIFT_STANDARD_LIBRARIES = YES;
				BUNDLE_LOADER = "$(TEST_HOST)";
				CODE_SIGN_STYLE = Automatic;
				DEVELOPMENT_TEAM = 5Y5KPADL48;
				INFOPLIST_FILE = LodjinhaSZTests/Info.plist;
				LD_RUNPATH_SEARCH_PATHS = (
					"$(inherited)",
					"@executable_path/Frameworks",
					"@loader_path/Frameworks",
				);
				PRODUCT_BUNDLE_IDENTIFIER = br.com.chavitos.LodjinhaSZTests;
				PRODUCT_NAME = "$(TARGET_NAME)";
				SWIFT_VERSION = 5.0;
				TARGETED_DEVICE_FAMILY = "1,2";
				TEST_HOST = "$(BUILT_PRODUCTS_DIR)/LodjinhaSZ.app/LodjinhaSZ";
			};
			name = Release;
		};
		92BCC92722A1F59D009FFDDF /* Debug */ = {
			isa = XCBuildConfiguration;
			baseConfigurationReference = 063CEE9DA56A2CD3F6EEAB51 /* Pods-LodjinhaSZUITests.debug.xcconfig */;
			buildSettings = {
				ALWAYS_EMBED_SWIFT_STANDARD_LIBRARIES = YES;
				CODE_SIGN_STYLE = Automatic;
				DEVELOPMENT_TEAM = 5Y5KPADL48;
				INFOPLIST_FILE = LodjinhaSZUITests/Info.plist;
				LD_RUNPATH_SEARCH_PATHS = (
					"$(inherited)",
					"@executable_path/Frameworks",
					"@loader_path/Frameworks",
				);
				PRODUCT_BUNDLE_IDENTIFIER = br.com.chavitos.LodjinhaSZUITests;
				PRODUCT_NAME = "$(TARGET_NAME)";
				SWIFT_VERSION = 5.0;
				TARGETED_DEVICE_FAMILY = "1,2";
				TEST_TARGET_NAME = LodjinhaSZ;
			};
			name = Debug;
		};
		92BCC92822A1F59D009FFDDF /* Release */ = {
			isa = XCBuildConfiguration;
			baseConfigurationReference = 564B9905B0EF616AD99C29F7 /* Pods-LodjinhaSZUITests.release.xcconfig */;
			buildSettings = {
				ALWAYS_EMBED_SWIFT_STANDARD_LIBRARIES = YES;
				CODE_SIGN_STYLE = Automatic;
				DEVELOPMENT_TEAM = 5Y5KPADL48;
				INFOPLIST_FILE = LodjinhaSZUITests/Info.plist;
				LD_RUNPATH_SEARCH_PATHS = (
					"$(inherited)",
					"@executable_path/Frameworks",
					"@loader_path/Frameworks",
				);
				PRODUCT_BUNDLE_IDENTIFIER = br.com.chavitos.LodjinhaSZUITests;
				PRODUCT_NAME = "$(TARGET_NAME)";
				SWIFT_VERSION = 5.0;
				TARGETED_DEVICE_FAMILY = "1,2";
				TEST_TARGET_NAME = LodjinhaSZ;
			};
			name = Release;
		};
/* End XCBuildConfiguration section */

/* Begin XCConfigurationList section */
		92BCC8F322A1F59C009FFDDF /* Build configuration list for PBXProject "LodjinhaSZ" */ = {
			isa = XCConfigurationList;
			buildConfigurations = (
				92BCC91E22A1F59D009FFDDF /* Debug */,
				92BCC91F22A1F59D009FFDDF /* Release */,
			);
			defaultConfigurationIsVisible = 0;
			defaultConfigurationName = Release;
		};
		92BCC92022A1F59D009FFDDF /* Build configuration list for PBXNativeTarget "LodjinhaSZ" */ = {
			isa = XCConfigurationList;
			buildConfigurations = (
				92BCC92122A1F59D009FFDDF /* Debug */,
				92BCC92222A1F59D009FFDDF /* Release */,
			);
			defaultConfigurationIsVisible = 0;
			defaultConfigurationName = Release;
		};
		92BCC92322A1F59D009FFDDF /* Build configuration list for PBXNativeTarget "LodjinhaSZTests" */ = {
			isa = XCConfigurationList;
			buildConfigurations = (
				92BCC92422A1F59D009FFDDF /* Debug */,
				92BCC92522A1F59D009FFDDF /* Release */,
			);
			defaultConfigurationIsVisible = 0;
			defaultConfigurationName = Release;
		};
		92BCC92622A1F59D009FFDDF /* Build configuration list for PBXNativeTarget "LodjinhaSZUITests" */ = {
			isa = XCConfigurationList;
			buildConfigurations = (
				92BCC92722A1F59D009FFDDF /* Debug */,
				92BCC92822A1F59D009FFDDF /* Release */,
			);
			defaultConfigurationIsVisible = 0;
			defaultConfigurationName = Release;
		};
/* End XCConfigurationList section */
	};
	rootObject = 92BCC8F022A1F59C009FFDDF /* Project object */;
}
